
Microsoft Visual Studio Solution File, Format Version 12.00
# Visual Studio Version 17
VisualStudioVersion = 17.14.36401.2 d17.14
MinimumVisualStudioVersion = 10.0.40219.1
Project("{FAE04EC0-301F-11D3-BF4B-00C04F79EFBC}") = "Tutorial_2_4", "Tutorial_2_4\Tutorial_2_4.csproj", "{FCBEE5D0-DFF3-4B14-A6D6-612128B77ADE}"
EndProject
Global
	GlobalSection(SolutionConfigurationPlatforms) = preSolution
		Debug|Any CPU = Debug|Any CPU
		Release|Any CPU = Release|Any CPU
	EndGlobalSection
	GlobalSection(ProjectConfigurationPlatforms) = postSolution
		{FCBEE5D0-DFF3-4B14-A6D6-612128B77ADE}.Debug|Any CPU.ActiveCfg = Debug|Any CPU
		{FCBEE5D0-DFF3-4B14-A6D6-612128B77ADE}.Debug|Any CPU.Build.0 = Debug|Any CPU
		{FCBEE5D0-DFF3-4B14-A6D6-612128B77ADE}.Release|Any CPU.ActiveCfg = Release|Any CPU
		{FCBEE5D0-DFF3-4B14-A6D6-612128B77ADE}.Release|Any CPU.Build.0 = Release|Any CPU
	EndGlobalSection
	GlobalSection(SolutionProperties) = preSolution
		HideSolutionNode = FALSE
	EndGlobalSection
	GlobalSection(ExtensibilityGlobals) = postSolution
		SolutionGuid = {44433B5E-39AF-4FCB-B404-B5F16CF6BD34}
	EndGlobalSection
EndGlobal
