
Microsoft Visual Studio Solution File, Format Version 12.00
# Visual Studio Version 17
VisualStudioVersion = 17.14.36401.2 d17.14
MinimumVisualStudioVersion = 10.0.40219.1
Project("{FAE04EC0-301F-11D3-BF4B-00C04F79EFBC}") = "WinFormsApp1", "WinFormsApp1\WinFormsApp1.csproj", "{651621C2-7801-4444-BF6E-CB654A956EA4}"
EndProject
Global
	GlobalSection(SolutionConfigurationPlatforms) = preSolution
		Debug|Any CPU = Debug|Any CPU
		Release|Any CPU = Release|Any CPU
	EndGlobalSection
	GlobalSection(ProjectConfigurationPlatforms) = postSolution
		{651621C2-7801-4444-BF6E-CB654A956EA4}.Debug|Any CPU.ActiveCfg = Debug|Any CPU
		{651621C2-7801-4444-BF6E-CB654A956EA4}.Debug|Any CPU.Build.0 = Debug|Any CPU
		{651621C2-7801-4444-BF6E-CB654A956EA4}.Release|Any CPU.ActiveCfg = Release|Any CPU
		{651621C2-7801-4444-BF6E-CB654A956EA4}.Release|Any CPU.Build.0 = Release|Any CPU
	EndGlobalSection
	GlobalSection(SolutionProperties) = preSolution
		HideSolutionNode = FALSE
	EndGlobalSection
	GlobalSection(ExtensibilityGlobals) = postSolution
		SolutionGuid = {35FA28D0-850F-4285-87C7-5D9AFFB6FE55}
	EndGlobalSection
EndGlobal
