
Microsoft Visual Studio Solution File, Format Version 12.00
# Visual Studio Version 17
VisualStudioVersion = 17.14.36401.2 d17.14
MinimumVisualStudioVersion = 10.0.40219.1
Project("{FAE04EC0-301F-11D3-BF4B-00C04F79EFBC}") = "Tutorial_2_2", "Tutorial_2_2\Tutorial_2_2.csproj", "{4650D337-7F35-423C-8E58-E6FA563C4FE2}"
EndProject
Global
	GlobalSection(SolutionConfigurationPlatforms) = preSolution
		Debug|Any CPU = Debug|Any CPU
		Release|Any CPU = Release|Any CPU
	EndGlobalSection
	GlobalSection(ProjectConfigurationPlatforms) = postSolution
		{4650D337-7F35-423C-8E58-E6FA563C4FE2}.Debug|Any CPU.ActiveCfg = Debug|Any CPU
		{4650D337-7F35-423C-8E58-E6FA563C4FE2}.Debug|Any CPU.Build.0 = Debug|Any CPU
		{4650D337-7F35-423C-8E58-E6FA563C4FE2}.Release|Any CPU.ActiveCfg = Release|Any CPU
		{4650D337-7F35-423C-8E58-E6FA563C4FE2}.Release|Any CPU.Build.0 = Release|Any CPU
	EndGlobalSection
	GlobalSection(SolutionProperties) = preSolution
		HideSolutionNode = FALSE
	EndGlobalSection
	GlobalSection(ExtensibilityGlobals) = postSolution
		SolutionGuid = {2E7F8480-7868-4B19-9F12-F9A908519C5C}
	EndGlobalSection
EndGlobal
