
Microsoft Visual Studio Solution File, Format Version 12.00
# Visual Studio Version 17
VisualStudioVersion = 17.14.36401.2 d17.14
MinimumVisualStudioVersion = 10.0.40219.1
Project("{FAE04EC0-301F-11D3-BF4B-00C04F79EFBC}") = "CheckBoxDemo", "CheckBoxDemo\CheckBoxDemo.csproj", "{DF87146D-7D06-42EF-8930-2B5F4B8D1D49}"
EndProject
Global
	GlobalSection(SolutionConfigurationPlatforms) = preSolution
		Debug|Any CPU = Debug|Any CPU
		Release|Any CPU = Release|Any CPU
	EndGlobalSection
	GlobalSection(ProjectConfigurationPlatforms) = postSolution
		{DF87146D-7D06-42EF-8930-2B5F4B8D1D49}.Debug|Any CPU.ActiveCfg = Debug|Any CPU
		{DF87146D-7D06-42EF-8930-2B5F4B8D1D49}.Debug|Any CPU.Build.0 = Debug|Any CPU
		{DF87146D-7D06-42EF-8930-2B5F4B8D1D49}.Release|Any CPU.ActiveCfg = Release|Any CPU
		{DF87146D-7D06-42EF-8930-2B5F4B8D1D49}.Release|Any CPU.Build.0 = Release|Any CPU
	EndGlobalSection
	GlobalSection(SolutionProperties) = preSolution
		HideSolutionNode = FALSE
	EndGlobalSection
	GlobalSection(ExtensibilityGlobals) = postSolution
		SolutionGuid = {CE439444-F1F8-455C-AF10-F51A38AC5733}
	EndGlobalSection
EndGlobal
