
Microsoft Visual Studio Solution File, Format Version 12.00
# Visual Studio Version 17
VisualStudioVersion = 17.14.36401.2 d17.14
MinimumVisualStudioVersion = 10.0.40219.1
Project("{FAE04EC0-301F-11D3-BF4B-00C04F79EFBC}") = "Tutorial_2_5", "Tutorial_2_5\Tutorial_2_5.csproj", "{206C758B-FC97-4030-81F0-48189993B352}"
EndProject
Global
	GlobalSection(SolutionConfigurationPlatforms) = preSolution
		Debug|Any CPU = Debug|Any CPU
		Release|Any CPU = Release|Any CPU
	EndGlobalSection
	GlobalSection(ProjectConfigurationPlatforms) = postSolution
		{206C758B-FC97-4030-81F0-48189993B352}.Debug|Any CPU.ActiveCfg = Debug|Any CPU
		{206C758B-FC97-4030-81F0-48189993B352}.Debug|Any CPU.Build.0 = Debug|Any CPU
		{206C758B-FC97-4030-81F0-48189993B352}.Release|Any CPU.ActiveCfg = Release|Any CPU
		{206C758B-FC97-4030-81F0-48189993B352}.Release|Any CPU.Build.0 = Release|Any CPU
	EndGlobalSection
	GlobalSection(SolutionProperties) = preSolution
		HideSolutionNode = FALSE
	EndGlobalSection
	GlobalSection(ExtensibilityGlobals) = postSolution
		SolutionGuid = {2BEB26AF-D93F-409B-A5B6-CBD6F0201B1B}
	EndGlobalSection
EndGlobal
